// !$*UTF8*$!
{
	archiveVersion = 1;
	classes = {
	};
	objectVersion = 52;
	objects = {

/* Begin PBXBuildFile section */
		5ED313052902DF6700461467 /* NoticeModifier.swift in Sources */ = {isa = PBXBuildFile; fileRef = 5ED313042902DF6700461467 /* NoticeModifier.swift */; };
		5EF847F22923E7FD00E53FFE /* CONNECTION_FAILED.swift in Sources */ = {isa = PBXBuildFile; fileRef = 5EF847F12923E7FD00E53FFE /* CONNECTION_FAILED.swift */; };
		5EF9CC1928EC7A5B00C40D86 /* GeneralUIEffectManager.swift in Sources */ = {isa = PBXBuildFile; fileRef = 5EF9CC1828EC7A5B00C40D86 /* GeneralUIEffectManager.swift */; };
		5EF9CC5128EDD01E00C40D86 /* ServiceInitializer.swift in Sources */ = {isa = PBXBuildFile; fileRef = 5EF9CC5028EDD01E00C40D86 /* ServiceInitializer.swift */; };
		9B8AE4E92792520000489A7B /* ListItemView.swift in Sources */ = {isa = PBXBuildFile; fileRef = 9B8AE4E82792520000489A7B /* ListItemView.swift */; };
		9B8AE4EB2793F51100489A7B /* ArticleListService.swift in Sources */ = {isa = PBXBuildFile; fileRef = 9B8AE4EA2793F51100489A7B /* ArticleListService.swift */; };
		9B8AE4ED2793F55000489A7B /* ArticleListServiceDefault.swift in Sources */ = {isa = PBXBuildFile; fileRef = 9B8AE4EC2793F55000489A7B /* ArticleListServiceDefault.swift */; };
		9B8AE4EF2793F56E00489A7B /* ArticleListModelDefault.swift in Sources */ = {isa = PBXBuildFile; fileRef = 9B8AE4EE2793F56E00489A7B /* ArticleListModelDefault.swift */; };
		9B8AE4F12797BBA500489A7B /* ArticleListServiceMockup.swift in Sources */ = {isa = PBXBuildFile; fileRef = 9B8AE4F02797BBA500489A7B /* ArticleListServiceMockup.swift */; };
		B00028DE26FB7D56005D68D2 /* ScrollViewRepresentable.swift in Sources */ = {isa = PBXBuildFile; fileRef = B00028DD26FB7D56005D68D2 /* ScrollViewRepresentable.swift */; };
		B00028E22725A990005D68D2 /* ContentViewMock.swift in Sources */ = {isa = PBXBuildFile; fileRef = B00028E12725A990005D68D2 /* ContentViewMock.swift */; };
		B007246528D6C4DF0018252C /* KEYCHAIN_APPLICATION_KEY_ERROR.swift in Sources */ = {isa = PBXBuildFile; fileRef = B007246428D6C4DF0018252C /* KEYCHAIN_APPLICATION_KEY_ERROR.swift */; };
		B007246728D6C5080018252C /* KEYCHAIN_CANNOT_SAVE_APPLICATION_KEY.swift in Sources */ = {isa = PBXBuildFile; fileRef = B007246628D6C5080018252C /* KEYCHAIN_CANNOT_SAVE_APPLICATION_KEY.swift */; };
		B007246928E04AEA0018252C /* CREDENTIALS_EMPTY.swift in Sources */ = {isa = PBXBuildFile; fileRef = B007246828E04AEA0018252C /* CREDENTIALS_EMPTY.swift */; };
		B008A1A12830BDA7000EEF09 /* CTXWLURLSessionDefault.swift in Sources */ = {isa = PBXBuildFile; fileRef = B008A1A02830BDA7000EEF09 /* CTXWLURLSessionDefault.swift */; };
		B00D51A126C40A590069AA55 /* CustomWebView.swift in Sources */ = {isa = PBXBuildFile; fileRef = B00D51A026C40A590069AA55 /* CustomWebView.swift */; };
		B026B8F92813EB410014666D /* CANNOT_DECODE_RESPONSE.swift in Sources */ = {isa = PBXBuildFile; fileRef = B026B8F82813EB410014666D /* CANNOT_DECODE_RESPONSE.swift */; };
		B026B8FB2813EB810014666D /* RESPONSE_NOT_HTTP.swift in Sources */ = {isa = PBXBuildFile; fileRef = B026B8FA2813EB810014666D /* RESPONSE_NOT_HTTP.swift */; };
		B026B8FD2813F3420014666D /* UNKNOWN_SERVER_ERROR.swift in Sources */ = {isa = PBXBuildFile; fileRef = B026B8FC2813F3420014666D /* UNKNOWN_SERVER_ERROR.swift */; };
		B026F2442882BDD700385DC2 /* KEYCHAIN_ERROR.swift in Sources */ = {isa = PBXBuildFile; fileRef = B026F2432882BDD700385DC2 /* KEYCHAIN_ERROR.swift */; };
		B026F2462882E57B00385DC2 /* KEYCHAIN_CREDENTIALS_NOT_FOUND.swift in Sources */ = {isa = PBXBuildFile; fileRef = B026F2452882E57B00385DC2 /* KEYCHAIN_CREDENTIALS_NOT_FOUND.swift */; };
		B026F2482883B2BD00385DC2 /* KEYCHAIN_APPLICATION_KEY_NOT_FOUND.swift in Sources */ = {isa = PBXBuildFile; fileRef = B026F2472883B2BD00385DC2 /* KEYCHAIN_APPLICATION_KEY_NOT_FOUND.swift */; };
		B02B2FFC286213460075CE4F /* API_ERROR.swift in Sources */ = {isa = PBXBuildFile; fileRef = B02B2FFB286213460075CE4F /* API_ERROR.swift */; };
		B02B2FFE286214C30075CE4F /* SESSION_AUTHENTICATION_ERROR.swift in Sources */ = {isa = PBXBuildFile; fileRef = B02B2FFD286214C30075CE4F /* SESSION_AUTHENTICATION_ERROR.swift */; };
		B02B3000286214F70075CE4F /* EMAIL_REGISTRATION_ERROR.swift in Sources */ = {isa = PBXBuildFile; fileRef = B02B2FFF286214F70075CE4F /* EMAIL_REGISTRATION_ERROR.swift */; };
		B02B300228649C9C0075CE4F /* EMAIL_REGISTRATION_INVALID_REQUEST.swift in Sources */ = {isa = PBXBuildFile; fileRef = B02B300128649C9C0075CE4F /* EMAIL_REGISTRATION_INVALID_REQUEST.swift */; };
		B02B300428649D000075CE4F /* EMAIL_REGISTRATION_UNAUTHORIZED_ADDRESS.swift in Sources */ = {isa = PBXBuildFile; fileRef = B02B300328649D000075CE4F /* EMAIL_REGISTRATION_UNAUTHORIZED_ADDRESS.swift */; };
		B02B300628649D300075CE4F /* EMAIL_REGISTRATION_INVALID_CONFIRMATION_CODE.swift in Sources */ = {isa = PBXBuildFile; fileRef = B02B300528649D300075CE4F /* EMAIL_REGISTRATION_INVALID_CONFIRMATION_CODE.swift */; };
		B02B300828649D730075CE4F /* SESSION_AUTHENTICATION_INVALID_REQUEST.swift in Sources */ = {isa = PBXBuildFile; fileRef = B02B300728649D730075CE4F /* SESSION_AUTHENTICATION_INVALID_REQUEST.swift */; };
		B02B300A28649DA40075CE4F /* SESSION_AUTHENTICATION_INVALID_CREDENTIAL.swift in Sources */ = {isa = PBXBuildFile; fileRef = B02B300928649DA40075CE4F /* SESSION_AUTHENTICATION_INVALID_CREDENTIAL.swift */; };
		B02B300C28649DEA0075CE4F /* SESSION_AUTHENTICATION_UNSUPPORTED_AUTHENTICATION_METHOD.swift in Sources */ = {isa = PBXBuildFile; fileRef = B02B300B28649DEA0075CE4F /* SESSION_AUTHENTICATION_UNSUPPORTED_AUTHENTICATION_METHOD.swift */; };
		B02B300E28649E150075CE4F /* API_UNAUTHENTICATED.swift in Sources */ = {isa = PBXBuildFile; fileRef = B02B300D28649E150075CE4F /* API_UNAUTHENTICATED.swift */; };
		B02B301028649E3B0075CE4F /* API_DATA_ERROR.swift in Sources */ = {isa = PBXBuildFile; fileRef = B02B300F28649E3B0075CE4F /* API_DATA_ERROR.swift */; };
		B04B64D926A52A8600D0B954 /* LoginModel.swift in Sources */ = {isa = PBXBuildFile; fileRef = B04B64D826A52A8600D0B954 /* LoginModel.swift */; };
		B0578B41265EA3F400A1B21F /* User.xcdatamodeld in Sources */ = {isa = PBXBuildFile; fileRef = B0578B3F265EA3F400A1B21F /* User.xcdatamodeld */; };
		B05AEDD328A791C9005BC3BB /* PageInfo.swift in Sources */ = {isa = PBXBuildFile; fileRef = B05AEDD228A791C9005BC3BB /* PageInfo.swift */; };
		B06F3F9728A78919007CF774 /* Router.swift in Sources */ = {isa = PBXBuildFile; fileRef = B06F3F9628A78919007CF774 /* Router.swift */; };
		B07EA2CF2871A7BD008CA3C9 /* Model.xcdatamodeld in Sources */ = {isa = PBXBuildFile; fileRef = B07EA2CD2871A7BD008CA3C9 /* Model.xcdatamodeld */; };
		B084B8F32811B343005B20B0 /* CLIENT_ERROR.swift in Sources */ = {isa = PBXBuildFile; fileRef = B084B8F22811B343005B20B0 /* CLIENT_ERROR.swift */; };
		B084B8FF28130823005B20B0 /* UNSPECIFIED_SERVER_ERROR.swift in Sources */ = {isa = PBXBuildFile; fileRef = B084B8FE28130823005B20B0 /* UNSPECIFIED_SERVER_ERROR.swift */; };
		B08962F12809C6D800B95D47 /* CTXWLURLSession.swift in Sources */ = {isa = PBXBuildFile; fileRef = B08962F02809C6D800B95D47 /* CTXWLURLSession.swift */; };
		B08962F3280ADE3500B95D47 /* CTXWLDataTaskPublisher.swift in Sources */ = {isa = PBXBuildFile; fileRef = B08962F2280ADE3500B95D47 /* CTXWLDataTaskPublisher.swift */; };
		B08962F5280D23F400B95D47 /* CTXWL_SERVER_ERROR.swift in Sources */ = {isa = PBXBuildFile; fileRef = B08962F4280D23F400B95D47 /* CTXWL_SERVER_ERROR.swift */; };
		B08AB6DE2929C17000968BA5 /* ArticleOpener.swift in Sources */ = {isa = PBXBuildFile; fileRef = B08AB6DD2929C17000968BA5 /* ArticleOpener.swift */; };
		B08AB6E02929C21300968BA5 /* ArticleOpenerModel.swift in Sources */ = {isa = PBXBuildFile; fileRef = B08AB6DF2929C21300968BA5 /* ArticleOpenerModel.swift */; };
		B08D9A3528B3DF33006B15FE /* UNKNOWN_ERROR.swift in Sources */ = {isa = PBXBuildFile; fileRef = B08D9A3428B3DF33006B15FE /* UNKNOWN_ERROR.swift */; };
		B08D9A3728BF9111006B15FE /* KEYCHAIN_CANNOT_SAVE_CREDENTIAL.swift in Sources */ = {isa = PBXBuildFile; fileRef = B08D9A3628BF9111006B15FE /* KEYCHAIN_CANNOT_SAVE_CREDENTIAL.swift */; };
		B08D9A3928BF914A006B15FE /* KEYCHAIN_CREDENTIAL_ERROR.swift in Sources */ = {isa = PBXBuildFile; fileRef = B08D9A3828BF914A006B15FE /* KEYCHAIN_CREDENTIAL_ERROR.swift */; };
		B0943AEC268EC963006051E0 /* EmailVerificationModel.swift in Sources */ = {isa = PBXBuildFile; fileRef = B0943AEB268EC963006051E0 /* EmailVerificationModel.swift */; };
		B09B8E00279C53F1004FDF31 /* ArticleList.swift in Sources */ = {isa = PBXBuildFile; fileRef = B09B8DFF279C53F1004FDF31 /* ArticleList.swift */; };
		B09D06A3263ECB4300246D90 /* up_englishApp.swift in Sources */ = {isa = PBXBuildFile; fileRef = B09D06A2263ECB4300246D90 /* up_englishApp.swift */; };
		B09D06A5263ECB4300246D90 /* ContentView.swift in Sources */ = {isa = PBXBuildFile; fileRef = B09D06A4263ECB4300246D90 /* ContentView.swift */; };
		B09D06A7263ECB4400246D90 /* Assets.xcassets in Resources */ = {isa = PBXBuildFile; fileRef = B09D06A6263ECB4400246D90 /* Assets.xcassets */; };
		B09D06AA263ECB4400246D90 /* Preview Assets.xcassets in Resources */ = {isa = PBXBuildFile; fileRef = B09D06A9263ECB4400246D90 /* Preview Assets.xcassets */; };
		B09D06B5263ECB4400246D90 /* up_englishTests.swift in Sources */ = {isa = PBXBuildFile; fileRef = B09D06B4263ECB4400246D90 /* up_englishTests.swift */; };
		B09D06C0263ECB4400246D90 /* up_englishUITests.swift in Sources */ = {isa = PBXBuildFile; fileRef = B09D06BF263ECB4400246D90 /* up_englishUITests.swift */; };
		B09D06CE263ECB8900246D90 /* Registration.swift in Sources */ = {isa = PBXBuildFile; fileRef = B09D06CD263ECB8900246D90 /* Registration.swift */; };
		B09D06D0263ECB9C00246D90 /* EmailVerification.swift in Sources */ = {isa = PBXBuildFile; fileRef = B09D06CF263ECB9C00246D90 /* EmailVerification.swift */; };
		B09D06D2263ECE2900246D90 /* Login.swift in Sources */ = {isa = PBXBuildFile; fileRef = B09D06D1263ECE2900246D90 /* Login.swift */; };
		B09D06D6264032EC00246D90 /* RegistrationModel.swift in Sources */ = {isa = PBXBuildFile; fileRef = B09D06D5264032EC00246D90 /* RegistrationModel.swift */; };
		B09D06D926429C0700246D90 /* Peppermint in Frameworks */ = {isa = PBXBuildFile; productRef = B09D06D826429C0700246D90 /* Peppermint */; };
		B0A5847E286F109F00F37358 /* GeneralUIEffect.swift in Sources */ = {isa = PBXBuildFile; fileRef = B0A5847D286F109F00F37358 /* GeneralUIEffect.swift */; };
		B0A89A5F264A6CAD00862E26 /* RegistrationService.swift in Sources */ = {isa = PBXBuildFile; fileRef = B0A89A5E264A6CAD00862E26 /* RegistrationService.swift */; };
		B0A89A61264A713200862E26 /* RegistrationStatus.swift in Sources */ = {isa = PBXBuildFile; fileRef = B0A89A60264A713200862E26 /* RegistrationStatus.swift */; };
		B0A89A63264A73DC00862E26 /* RegistrationServiceDefault.swift in Sources */ = {isa = PBXBuildFile; fileRef = B0A89A62264A73DC00862E26 /* RegistrationServiceDefault.swift */; };
		B0AC45AB273ACD3A00979EFE /* InfiniteList.swift in Sources */ = {isa = PBXBuildFile; fileRef = B0AC45AA273ACD3A00979EFE /* InfiniteList.swift */; };
		B0C4EDC12867521D00A616EB /* SERVER_MAPPED_CLIENT_ERROR.swift in Sources */ = {isa = PBXBuildFile; fileRef = B0C4EDC02867521D00A616EB /* SERVER_MAPPED_CLIENT_ERROR.swift */; };
		B0C4EDC3286EB05400A616EB /* ENCODING_FAILED.swift in Sources */ = {isa = PBXBuildFile; fileRef = B0C4EDC2286EB05400A616EB /* ENCODING_FAILED.swift */; };
		B0C75D84293B4E4900A2F405 /* CustomWebViewController.swift in Sources */ = {isa = PBXBuildFile; fileRef = B0C75D83293B4E4900A2F405 /* CustomWebViewController.swift */; };
		B0C75D88293B4ED700A2F405 /* SelectionRangeEnabledTextViewRepresentable.swift in Sources */ = {isa = PBXBuildFile; fileRef = B0C75D87293B4ED700A2F405 /* SelectionRangeEnabledTextViewRepresentable.swift */; };
		B0C75D8A293C518C00A2F405 /* ArticleReadingService.swift in Sources */ = {isa = PBXBuildFile; fileRef = B0C75D89293C518C00A2F405 /* ArticleReadingService.swift */; };
		B0C75D8C293C779800A2F405 /* ArticleReadingServiceDefault.swift in Sources */ = {isa = PBXBuildFile; fileRef = B0C75D8B293C779800A2F405 /* ArticleReadingServiceDefault.swift */; };
		B0C75D8E293D059600A2F405 /* SessionConnectionService.swift in Sources */ = {isa = PBXBuildFile; fileRef = B0C75D8D293D059600A2F405 /* SessionConnectionService.swift */; };
		B0C75D902940F3A900A2F405 /* mercury.web.js in Resources */ = {isa = PBXBuildFile; fileRef = B0C75D8F2940F3A900A2F405 /* mercury.web.js */; };
		B0C75D92294607E500A2F405 /* HomeView.swift in Sources */ = {isa = PBXBuildFile; fileRef = B0C75D91294607E500A2F405 /* HomeView.swift */; };
		B0C75D942946081800A2F405 /* HomeModel.swift in Sources */ = {isa = PBXBuildFile; fileRef = B0C75D932946081800A2F405 /* HomeModel.swift */; };
		B0C7CC0926568E1D003832EE /* ApiUrl.swift in Sources */ = {isa = PBXBuildFile; fileRef = B0C7CC0826568E1D003832EE /* ApiUrl.swift */; };
		B0C7CC0B265798E3003832EE /* UserService.swift in Sources */ = {isa = PBXBuildFile; fileRef = B0C7CC0A265798E3003832EE /* UserService.swift */; };
		B0C7CC0F265BA3B1003832EE /* UserServiceDefault.swift in Sources */ = {isa = PBXBuildFile; fileRef = B0C7CC0E265BA3B1003832EE /* UserServiceDefault.swift */; };
		B0CF55012870542C00C4FD92 /* UIErrorMapper.swift in Sources */ = {isa = PBXBuildFile; fileRef = B0CF55002870542C00C4FD92 /* UIErrorMapper.swift */; };
		B0E2540026EDDCBA00D6FDF4 /* ArticleListItemModelDefault.swift in Sources */ = {isa = PBXBuildFile; fileRef = B0E253FF26EDDCBA00D6FDF4 /* ArticleListItemModelDefault.swift */; };
		B0E5491E2815B73C00934E7B /* ErrorMapper.swift in Sources */ = {isa = PBXBuildFile; fileRef = B0E5491D2815B73C00934E7B /* ErrorMapper.swift */; };
		B0E549202818324C00934E7B /* ServerErrorMapper.swift in Sources */ = {isa = PBXBuildFile; fileRef = B0E5491F2818324C00934E7B /* ServerErrorMapper.swift */; };
/* End PBXBuildFile section */

/* Begin PBXContainerItemProxy section */
		B09D06B1263ECB4400246D90 /* PBXContainerItemProxy */ = {
			isa = PBXContainerItemProxy;
			containerPortal = B09D0697263ECB4200246D90 /* Project object */;
			proxyType = 1;
			remoteGlobalIDString = B09D069E263ECB4300246D90;
			remoteInfo = "up-english";
		};
		B09D06BC263ECB4400246D90 /* PBXContainerItemProxy */ = {
			isa = PBXContainerItemProxy;
			containerPortal = B09D0697263ECB4200246D90 /* Project object */;
			proxyType = 1;
			remoteGlobalIDString = B09D069E263ECB4300246D90;
			remoteInfo = "up-english";
		};
/* End PBXContainerItemProxy section */

/* Begin PBXFileReference section */
		5ED313042902DF6700461467 /* NoticeModifier.swift */ = {isa = PBXFileReference; lastKnownFileType = sourcecode.swift; path = NoticeModifier.swift; sourceTree = "<group>"; };
		5EF847F12923E7FD00E53FFE /* CONNECTION_FAILED.swift */ = {isa = PBXFileReference; lastKnownFileType = sourcecode.swift; path = CONNECTION_FAILED.swift; sourceTree = "<group>"; };
		5EF9CC1828EC7A5B00C40D86 /* GeneralUIEffectManager.swift */ = {isa = PBXFileReference; lastKnownFileType = sourcecode.swift; path = GeneralUIEffectManager.swift; sourceTree = "<group>"; };
		5EF9CC5028EDD01E00C40D86 /* ServiceInitializer.swift */ = {isa = PBXFileReference; lastKnownFileType = sourcecode.swift; path = ServiceInitializer.swift; sourceTree = "<group>"; };
		9B8AE4E82792520000489A7B /* ListItemView.swift */ = {isa = PBXFileReference; lastKnownFileType = sourcecode.swift; path = ListItemView.swift; sourceTree = "<group>"; };
		9B8AE4EA2793F51100489A7B /* ArticleListService.swift */ = {isa = PBXFileReference; lastKnownFileType = sourcecode.swift; path = ArticleListService.swift; sourceTree = "<group>"; };
		9B8AE4EC2793F55000489A7B /* ArticleListServiceDefault.swift */ = {isa = PBXFileReference; lastKnownFileType = sourcecode.swift; path = ArticleListServiceDefault.swift; sourceTree = "<group>"; };
		9B8AE4EE2793F56E00489A7B /* ArticleListModelDefault.swift */ = {isa = PBXFileReference; lastKnownFileType = sourcecode.swift; path = ArticleListModelDefault.swift; sourceTree = "<group>"; };
		9B8AE4F02797BBA500489A7B /* ArticleListServiceMockup.swift */ = {isa = PBXFileReference; lastKnownFileType = sourcecode.swift; path = ArticleListServiceMockup.swift; sourceTree = "<group>"; };
		B00028DD26FB7D56005D68D2 /* ScrollViewRepresentable.swift */ = {isa = PBXFileReference; lastKnownFileType = sourcecode.swift; path = ScrollViewRepresentable.swift; sourceTree = "<group>"; };
		B00028E12725A990005D68D2 /* ContentViewMock.swift */ = {isa = PBXFileReference; lastKnownFileType = sourcecode.swift; path = ContentViewMock.swift; sourceTree = "<group>"; };
		B007246428D6C4DF0018252C /* KEYCHAIN_APPLICATION_KEY_ERROR.swift */ = {isa = PBXFileReference; lastKnownFileType = sourcecode.swift; path = KEYCHAIN_APPLICATION_KEY_ERROR.swift; sourceTree = "<group>"; };
		B007246628D6C5080018252C /* KEYCHAIN_CANNOT_SAVE_APPLICATION_KEY.swift */ = {isa = PBXFileReference; lastKnownFileType = sourcecode.swift; path = KEYCHAIN_CANNOT_SAVE_APPLICATION_KEY.swift; sourceTree = "<group>"; };
		B007246828E04AEA0018252C /* CREDENTIALS_EMPTY.swift */ = {isa = PBXFileReference; lastKnownFileType = sourcecode.swift; path = CREDENTIALS_EMPTY.swift; sourceTree = "<group>"; };
		B008A1A02830BDA7000EEF09 /* CTXWLURLSessionDefault.swift */ = {isa = PBXFileReference; lastKnownFileType = sourcecode.swift; path = CTXWLURLSessionDefault.swift; sourceTree = "<group>"; };
		B00D51A026C40A590069AA55 /* CustomWebView.swift */ = {isa = PBXFileReference; lastKnownFileType = sourcecode.swift; path = CustomWebView.swift; sourceTree = "<group>"; };
		B026B8F82813EB410014666D /* CANNOT_DECODE_RESPONSE.swift */ = {isa = PBXFileReference; lastKnownFileType = sourcecode.swift; path = CANNOT_DECODE_RESPONSE.swift; sourceTree = "<group>"; };
		B026B8FA2813EB810014666D /* RESPONSE_NOT_HTTP.swift */ = {isa = PBXFileReference; lastKnownFileType = sourcecode.swift; path = RESPONSE_NOT_HTTP.swift; sourceTree = "<group>"; };
		B026B8FC2813F3420014666D /* UNKNOWN_SERVER_ERROR.swift */ = {isa = PBXFileReference; lastKnownFileType = sourcecode.swift; path = UNKNOWN_SERVER_ERROR.swift; sourceTree = "<group>"; };
		B026F2432882BDD700385DC2 /* KEYCHAIN_ERROR.swift */ = {isa = PBXFileReference; lastKnownFileType = sourcecode.swift; path = KEYCHAIN_ERROR.swift; sourceTree = "<group>"; };
		B026F2452882E57B00385DC2 /* KEYCHAIN_CREDENTIALS_NOT_FOUND.swift */ = {isa = PBXFileReference; lastKnownFileType = sourcecode.swift; path = KEYCHAIN_CREDENTIALS_NOT_FOUND.swift; sourceTree = "<group>"; };
		B026F2472883B2BD00385DC2 /* KEYCHAIN_APPLICATION_KEY_NOT_FOUND.swift */ = {isa = PBXFileReference; lastKnownFileType = sourcecode.swift; path = KEYCHAIN_APPLICATION_KEY_NOT_FOUND.swift; sourceTree = "<group>"; };
		B02B2FFB286213460075CE4F /* API_ERROR.swift */ = {isa = PBXFileReference; lastKnownFileType = sourcecode.swift; path = API_ERROR.swift; sourceTree = "<group>"; };
		B02B2FFD286214C30075CE4F /* SESSION_AUTHENTICATION_ERROR.swift */ = {isa = PBXFileReference; lastKnownFileType = sourcecode.swift; path = SESSION_AUTHENTICATION_ERROR.swift; sourceTree = "<group>"; };
		B02B2FFF286214F70075CE4F /* EMAIL_REGISTRATION_ERROR.swift */ = {isa = PBXFileReference; lastKnownFileType = sourcecode.swift; path = EMAIL_REGISTRATION_ERROR.swift; sourceTree = "<group>"; };
		B02B300128649C9C0075CE4F /* EMAIL_REGISTRATION_INVALID_REQUEST.swift */ = {isa = PBXFileReference; lastKnownFileType = sourcecode.swift; path = EMAIL_REGISTRATION_INVALID_REQUEST.swift; sourceTree = "<group>"; };
		B02B300328649D000075CE4F /* EMAIL_REGISTRATION_UNAUTHORIZED_ADDRESS.swift */ = {isa = PBXFileReference; lastKnownFileType = sourcecode.swift; path = EMAIL_REGISTRATION_UNAUTHORIZED_ADDRESS.swift; sourceTree = "<group>"; };
		B02B300528649D300075CE4F /* EMAIL_REGISTRATION_INVALID_CONFIRMATION_CODE.swift */ = {isa = PBXFileReference; lastKnownFileType = sourcecode.swift; path = EMAIL_REGISTRATION_INVALID_CONFIRMATION_CODE.swift; sourceTree = "<group>"; };
		B02B300728649D730075CE4F /* SESSION_AUTHENTICATION_INVALID_REQUEST.swift */ = {isa = PBXFileReference; lastKnownFileType = sourcecode.swift; path = SESSION_AUTHENTICATION_INVALID_REQUEST.swift; sourceTree = "<group>"; };
		B02B300928649DA40075CE4F /* SESSION_AUTHENTICATION_INVALID_CREDENTIAL.swift */ = {isa = PBXFileReference; lastKnownFileType = sourcecode.swift; path = SESSION_AUTHENTICATION_INVALID_CREDENTIAL.swift; sourceTree = "<group>"; };
		B02B300B28649DEA0075CE4F /* SESSION_AUTHENTICATION_UNSUPPORTED_AUTHENTICATION_METHOD.swift */ = {isa = PBXFileReference; lastKnownFileType = sourcecode.swift; path = SESSION_AUTHENTICATION_UNSUPPORTED_AUTHENTICATION_METHOD.swift; sourceTree = "<group>"; };
		B02B300D28649E150075CE4F /* API_UNAUTHENTICATED.swift */ = {isa = PBXFileReference; lastKnownFileType = sourcecode.swift; path = API_UNAUTHENTICATED.swift; sourceTree = "<group>"; };
		B02B300F28649E3B0075CE4F /* API_DATA_ERROR.swift */ = {isa = PBXFileReference; lastKnownFileType = sourcecode.swift; path = API_DATA_ERROR.swift; sourceTree = "<group>"; };
		B04B64D826A52A8600D0B954 /* LoginModel.swift */ = {isa = PBXFileReference; lastKnownFileType = sourcecode.swift; path = LoginModel.swift; sourceTree = "<group>"; };
		B0578B40265EA3F400A1B21F /* User.xcdatamodel */ = {isa = PBXFileReference; lastKnownFileType = wrapper.xcdatamodel; path = User.xcdatamodel; sourceTree = "<group>"; };
		B05AEDD228A791C9005BC3BB /* PageInfo.swift */ = {isa = PBXFileReference; lastKnownFileType = sourcecode.swift; path = PageInfo.swift; sourceTree = "<group>"; };
		B06F3F9628A78919007CF774 /* Router.swift */ = {isa = PBXFileReference; lastKnownFileType = sourcecode.swift; path = Router.swift; sourceTree = "<group>"; };
		B07EA2CE2871A7BD008CA3C9 /* Model.xcdatamodel */ = {isa = PBXFileReference; lastKnownFileType = wrapper.xcdatamodel; path = Model.xcdatamodel; sourceTree = "<group>"; };
		B084B8F22811B343005B20B0 /* CLIENT_ERROR.swift */ = {isa = PBXFileReference; lastKnownFileType = sourcecode.swift; path = CLIENT_ERROR.swift; sourceTree = "<group>"; };
		B084B8FE28130823005B20B0 /* UNSPECIFIED_SERVER_ERROR.swift */ = {isa = PBXFileReference; lastKnownFileType = sourcecode.swift; path = UNSPECIFIED_SERVER_ERROR.swift; sourceTree = "<group>"; };
		B08962F02809C6D800B95D47 /* CTXWLURLSession.swift */ = {isa = PBXFileReference; lastKnownFileType = sourcecode.swift; path = CTXWLURLSession.swift; sourceTree = "<group>"; };
		B08962F2280ADE3500B95D47 /* CTXWLDataTaskPublisher.swift */ = {isa = PBXFileReference; lastKnownFileType = sourcecode.swift; path = CTXWLDataTaskPublisher.swift; sourceTree = "<group>"; };
		B08962F4280D23F400B95D47 /* CTXWL_SERVER_ERROR.swift */ = {isa = PBXFileReference; lastKnownFileType = sourcecode.swift; path = CTXWL_SERVER_ERROR.swift; sourceTree = "<group>"; };
		B08AB6DD2929C17000968BA5 /* ArticleOpener.swift */ = {isa = PBXFileReference; lastKnownFileType = sourcecode.swift; path = ArticleOpener.swift; sourceTree = "<group>"; };
		B08AB6DF2929C21300968BA5 /* ArticleOpenerModel.swift */ = {isa = PBXFileReference; lastKnownFileType = sourcecode.swift; path = ArticleOpenerModel.swift; sourceTree = "<group>"; };
		B08D9A3428B3DF33006B15FE /* UNKNOWN_ERROR.swift */ = {isa = PBXFileReference; lastKnownFileType = sourcecode.swift; path = UNKNOWN_ERROR.swift; sourceTree = "<group>"; };
		B08D9A3628BF9111006B15FE /* KEYCHAIN_CANNOT_SAVE_CREDENTIAL.swift */ = {isa = PBXFileReference; lastKnownFileType = sourcecode.swift; path = KEYCHAIN_CANNOT_SAVE_CREDENTIAL.swift; sourceTree = "<group>"; };
		B08D9A3828BF914A006B15FE /* KEYCHAIN_CREDENTIAL_ERROR.swift */ = {isa = PBXFileReference; lastKnownFileType = sourcecode.swift; path = KEYCHAIN_CREDENTIAL_ERROR.swift; sourceTree = "<group>"; };
		B0943AEB268EC963006051E0 /* EmailVerificationModel.swift */ = {isa = PBXFileReference; lastKnownFileType = sourcecode.swift; path = EmailVerificationModel.swift; sourceTree = "<group>"; };
		B09B8DFF279C53F1004FDF31 /* ArticleList.swift */ = {isa = PBXFileReference; lastKnownFileType = sourcecode.swift; path = ArticleList.swift; sourceTree = "<group>"; };
		B09D069F263ECB4300246D90 /* up-english.app */ = {isa = PBXFileReference; explicitFileType = wrapper.application; includeInIndex = 0; path = "up-english.app"; sourceTree = BUILT_PRODUCTS_DIR; };
		B09D06A2263ECB4300246D90 /* up_englishApp.swift */ = {isa = PBXFileReference; lastKnownFileType = sourcecode.swift; path = up_englishApp.swift; sourceTree = "<group>"; };
		B09D06A4263ECB4300246D90 /* ContentView.swift */ = {isa = PBXFileReference; lastKnownFileType = sourcecode.swift; path = ContentView.swift; sourceTree = "<group>"; };
		B09D06A6263ECB4400246D90 /* Assets.xcassets */ = {isa = PBXFileReference; lastKnownFileType = folder.assetcatalog; path = Assets.xcassets; sourceTree = "<group>"; };
		B09D06A9263ECB4400246D90 /* Preview Assets.xcassets */ = {isa = PBXFileReference; lastKnownFileType = folder.assetcatalog; path = "Preview Assets.xcassets"; sourceTree = "<group>"; };
		B09D06AB263ECB4400246D90 /* Info.plist */ = {isa = PBXFileReference; lastKnownFileType = text.plist.xml; path = Info.plist; sourceTree = "<group>"; };
		B09D06B0263ECB4400246D90 /* up-englishTests.xctest */ = {isa = PBXFileReference; explicitFileType = wrapper.cfbundle; includeInIndex = 0; path = "up-englishTests.xctest"; sourceTree = BUILT_PRODUCTS_DIR; };
		B09D06B4263ECB4400246D90 /* up_englishTests.swift */ = {isa = PBXFileReference; lastKnownFileType = sourcecode.swift; path = up_englishTests.swift; sourceTree = "<group>"; };
		B09D06B6263ECB4400246D90 /* Info.plist */ = {isa = PBXFileReference; lastKnownFileType = text.plist.xml; path = Info.plist; sourceTree = "<group>"; };
		B09D06BB263ECB4400246D90 /* up-englishUITests.xctest */ = {isa = PBXFileReference; explicitFileType = wrapper.cfbundle; includeInIndex = 0; path = "up-englishUITests.xctest"; sourceTree = BUILT_PRODUCTS_DIR; };
		B09D06BF263ECB4400246D90 /* up_englishUITests.swift */ = {isa = PBXFileReference; lastKnownFileType = sourcecode.swift; path = up_englishUITests.swift; sourceTree = "<group>"; };
		B09D06C1263ECB4400246D90 /* Info.plist */ = {isa = PBXFileReference; lastKnownFileType = text.plist.xml; path = Info.plist; sourceTree = "<group>"; };
		B09D06CD263ECB8900246D90 /* Registration.swift */ = {isa = PBXFileReference; lastKnownFileType = sourcecode.swift; path = Registration.swift; sourceTree = "<group>"; };
		B09D06CF263ECB9C00246D90 /* EmailVerification.swift */ = {isa = PBXFileReference; lastKnownFileType = sourcecode.swift; path = EmailVerification.swift; sourceTree = "<group>"; };
		B09D06D1263ECE2900246D90 /* Login.swift */ = {isa = PBXFileReference; lastKnownFileType = sourcecode.swift; path = Login.swift; sourceTree = "<group>"; };
		B09D06D5264032EC00246D90 /* RegistrationModel.swift */ = {isa = PBXFileReference; lastKnownFileType = sourcecode.swift; path = RegistrationModel.swift; sourceTree = "<group>"; };
		B0A5847D286F109F00F37358 /* GeneralUIEffect.swift */ = {isa = PBXFileReference; lastKnownFileType = sourcecode.swift; path = GeneralUIEffect.swift; sourceTree = "<group>"; };
		B0A89A5E264A6CAD00862E26 /* RegistrationService.swift */ = {isa = PBXFileReference; lastKnownFileType = sourcecode.swift; path = RegistrationService.swift; sourceTree = "<group>"; };
		B0A89A60264A713200862E26 /* RegistrationStatus.swift */ = {isa = PBXFileReference; lastKnownFileType = sourcecode.swift; path = RegistrationStatus.swift; sourceTree = "<group>"; };
		B0A89A62264A73DC00862E26 /* RegistrationServiceDefault.swift */ = {isa = PBXFileReference; lastKnownFileType = sourcecode.swift; path = RegistrationServiceDefault.swift; sourceTree = "<group>"; };
		B0AC45AA273ACD3A00979EFE /* InfiniteList.swift */ = {isa = PBXFileReference; lastKnownFileType = sourcecode.swift; path = InfiniteList.swift; sourceTree = "<group>"; };
		B0C4EDC02867521D00A616EB /* SERVER_MAPPED_CLIENT_ERROR.swift */ = {isa = PBXFileReference; lastKnownFileType = sourcecode.swift; path = SERVER_MAPPED_CLIENT_ERROR.swift; sourceTree = "<group>"; };
		B0C4EDC2286EB05400A616EB /* ENCODING_FAILED.swift */ = {isa = PBXFileReference; lastKnownFileType = sourcecode.swift; path = ENCODING_FAILED.swift; sourceTree = "<group>"; };
		B0C75D83293B4E4900A2F405 /* CustomWebViewController.swift */ = {isa = PBXFileReference; lastKnownFileType = sourcecode.swift; path = CustomWebViewController.swift; sourceTree = "<group>"; };
		B0C75D87293B4ED700A2F405 /* SelectionRangeEnabledTextViewRepresentable.swift */ = {isa = PBXFileReference; lastKnownFileType = sourcecode.swift; path = SelectionRangeEnabledTextViewRepresentable.swift; sourceTree = "<group>"; };
		B0C75D89293C518C00A2F405 /* ArticleReadingService.swift */ = {isa = PBXFileReference; lastKnownFileType = sourcecode.swift; path = ArticleReadingService.swift; sourceTree = "<group>"; };
		B0C75D8B293C779800A2F405 /* ArticleReadingServiceDefault.swift */ = {isa = PBXFileReference; lastKnownFileType = sourcecode.swift; path = ArticleReadingServiceDefault.swift; sourceTree = "<group>"; };
		B0C75D8D293D059600A2F405 /* SessionConnectionService.swift */ = {isa = PBXFileReference; lastKnownFileType = sourcecode.swift; path = SessionConnectionService.swift; sourceTree = "<group>"; };
		B0C75D8F2940F3A900A2F405 /* mercury.web.js */ = {isa = PBXFileReference; fileEncoding = 4; lastKnownFileType = sourcecode.javascript; name = mercury.web.js; path = ../../Downloads/mercury.web.js; sourceTree = "<group>"; };
		B0C75D91294607E500A2F405 /* HomeView.swift */ = {isa = PBXFileReference; lastKnownFileType = sourcecode.swift; path = HomeView.swift; sourceTree = "<group>"; };
		B0C75D932946081800A2F405 /* HomeModel.swift */ = {isa = PBXFileReference; lastKnownFileType = sourcecode.swift; path = HomeModel.swift; sourceTree = "<group>"; };
		B0C7CC0826568E1D003832EE /* ApiUrl.swift */ = {isa = PBXFileReference; lastKnownFileType = sourcecode.swift; path = ApiUrl.swift; sourceTree = "<group>"; };
		B0C7CC0A265798E3003832EE /* UserService.swift */ = {isa = PBXFileReference; lastKnownFileType = sourcecode.swift; path = UserService.swift; sourceTree = "<group>"; };
		B0C7CC0E265BA3B1003832EE /* UserServiceDefault.swift */ = {isa = PBXFileReference; lastKnownFileType = sourcecode.swift; path = UserServiceDefault.swift; sourceTree = "<group>"; };
		B0CF55002870542C00C4FD92 /* UIErrorMapper.swift */ = {isa = PBXFileReference; lastKnownFileType = sourcecode.swift; path = UIErrorMapper.swift; sourceTree = "<group>"; };
		B0E253FF26EDDCBA00D6FDF4 /* ArticleListItemModelDefault.swift */ = {isa = PBXFileReference; lastKnownFileType = sourcecode.swift; path = ArticleListItemModelDefault.swift; sourceTree = "<group>"; };
		B0E5491D2815B73C00934E7B /* ErrorMapper.swift */ = {isa = PBXFileReference; lastKnownFileType = sourcecode.swift; path = ErrorMapper.swift; sourceTree = "<group>"; };
		B0E5491F2818324C00934E7B /* ServerErrorMapper.swift */ = {isa = PBXFileReference; lastKnownFileType = sourcecode.swift; path = ServerErrorMapper.swift; sourceTree = "<group>"; };
/* End PBXFileReference section */

/* Begin PBXFrameworksBuildPhase section */
		B09D069C263ECB4300246D90 /* Frameworks */ = {
			isa = PBXFrameworksBuildPhase;
			buildActionMask = 2147483647;
			files = (
				B09D06D926429C0700246D90 /* Peppermint in Frameworks */,
			);
			runOnlyForDeploymentPostprocessing = 0;
		};
		B09D06AD263ECB4400246D90 /* Frameworks */ = {
			isa = PBXFrameworksBuildPhase;
			buildActionMask = 2147483647;
			files = (
			);
			runOnlyForDeploymentPostprocessing = 0;
		};
		B09D06B8263ECB4400246D90 /* Frameworks */ = {
			isa = PBXFrameworksBuildPhase;
			buildActionMask = 2147483647;
			files = (
			);
			runOnlyForDeploymentPostprocessing = 0;
		};
/* End PBXFrameworksBuildPhase section */

/* Begin PBXGroup section */
		B09D0696263ECB4200246D90 = {
			isa = PBXGroup;
			children = (
				B0C75D8F2940F3A900A2F405 /* mercury.web.js */,
				B07EA2CD2871A7BD008CA3C9 /* Model.xcdatamodeld */,
				B0578B3F265EA3F400A1B21F /* User.xcdatamodeld */,
				B09D06A1263ECB4300246D90 /* up-english */,
				B09D06B3263ECB4400246D90 /* up-englishTests */,
				B09D06BE263ECB4400246D90 /* up-englishUITests */,
				B09D06A0263ECB4300246D90 /* Products */,
			);
			sourceTree = "<group>";
		};
		B09D06A0263ECB4300246D90 /* Products */ = {
			isa = PBXGroup;
			children = (
				B09D069F263ECB4300246D90 /* up-english.app */,
				B09D06B0263ECB4400246D90 /* up-englishTests.xctest */,
				B09D06BB263ECB4400246D90 /* up-englishUITests.xctest */,
			);
			name = Products;
			sourceTree = "<group>";
		};
		B09D06A1263ECB4300246D90 /* up-english */ = {
			isa = PBXGroup;
			children = (
				B0C7CBFC2651267D003832EE /* Services */,
				B0C7CBFB26512632003832EE /* ViewModels */,
				B0C7CBFA265125FE003832EE /* Views */,
				B09D06A2263ECB4300246D90 /* up_englishApp.swift */,
				B09D06A6263ECB4400246D90 /* Assets.xcassets */,
				B09D06AB263ECB4400246D90 /* Info.plist */,
				B09D06A8263ECB4400246D90 /* Preview Content */,
				B0A89A60264A713200862E26 /* RegistrationStatus.swift */,
				B0C7CC0826568E1D003832EE /* ApiUrl.swift */,
			);
			path = "up-english";
			sourceTree = "<group>";
		};
		B09D06A8263ECB4400246D90 /* Preview Content */ = {
			isa = PBXGroup;
			children = (
				B09D06A9263ECB4400246D90 /* Preview Assets.xcassets */,
			);
			path = "Preview Content";
			sourceTree = "<group>";
		};
		B09D06B3263ECB4400246D90 /* up-englishTests */ = {
			isa = PBXGroup;
			children = (
				B09D06B4263ECB4400246D90 /* up_englishTests.swift */,
				B09D06B6263ECB4400246D90 /* Info.plist */,
			);
			path = "up-englishTests";
			sourceTree = "<group>";
		};
		B09D06BE263ECB4400246D90 /* up-englishUITests */ = {
			isa = PBXGroup;
			children = (
				B09D06BF263ECB4400246D90 /* up_englishUITests.swift */,
				B09D06C1263ECB4400246D90 /* Info.plist */,
			);
			path = "up-englishUITests";
			sourceTree = "<group>";
		};
		B0A5847C286F107700F37358 /* UIEffects */ = {
			isa = PBXGroup;
			children = (
				B0A5847D286F109F00F37358 /* GeneralUIEffect.swift */,
			);
			path = UIEffects;
			sourceTree = "<group>";
		};
		B0C7CBFA265125FE003832EE /* Views */ = {
			isa = PBXGroup;
			children = (
				B09D06A4263ECB4300246D90 /* ContentView.swift */,
				B09D06D1263ECE2900246D90 /* Login.swift */,
				B09D06CD263ECB8900246D90 /* Registration.swift */,
				B09D06CF263ECB9C00246D90 /* EmailVerification.swift */,
				B00D51A026C40A590069AA55 /* CustomWebView.swift */,
				B00028DD26FB7D56005D68D2 /* ScrollViewRepresentable.swift */,
				B00028E12725A990005D68D2 /* ContentViewMock.swift */,
				B0AC45AA273ACD3A00979EFE /* InfiniteList.swift */,
				9B8AE4E82792520000489A7B /* ListItemView.swift */,
				B09B8DFF279C53F1004FDF31 /* ArticleList.swift */,
				B06F3F9628A78919007CF774 /* Router.swift */,
				B05AEDD228A791C9005BC3BB /* PageInfo.swift */,
				5ED313042902DF6700461467 /* NoticeModifier.swift */,
				B08AB6DD2929C17000968BA5 /* ArticleOpener.swift */,
				B0C75D83293B4E4900A2F405 /* CustomWebViewController.swift */,
				B0C75D87293B4ED700A2F405 /* SelectionRangeEnabledTextViewRepresentable.swift */,
				B0C75D91294607E500A2F405 /* HomeView.swift */,
			);
			path = Views;
			sourceTree = "<group>";
		};
		B0C7CBFB26512632003832EE /* ViewModels */ = {
			isa = PBXGroup;
			children = (
				B0A5847C286F107700F37358 /* UIEffects */,
				B0D4CC4326AEA650001E6948 /* ServiceInterfaces */,
				B09D06D5264032EC00246D90 /* RegistrationModel.swift */,
				B0943AEB268EC963006051E0 /* EmailVerificationModel.swift */,
				B04B64D826A52A8600D0B954 /* LoginModel.swift */,
				B0E253FF26EDDCBA00D6FDF4 /* ArticleListItemModelDefault.swift */,
				9B8AE4EE2793F56E00489A7B /* ArticleListModelDefault.swift */,
				B0CF55002870542C00C4FD92 /* UIErrorMapper.swift */,
				5EF9CC1828EC7A5B00C40D86 /* GeneralUIEffectManager.swift */,
				5EF9CC5028EDD01E00C40D86 /* ServiceInitializer.swift */,
				B08AB6DF2929C21300968BA5 /* ArticleOpenerModel.swift */,
				B0C75D932946081800A2F405 /* HomeModel.swift */,
			);
			path = ViewModels;
			sourceTree = "<group>";
		};
		B0C7CBFC2651267D003832EE /* Services */ = {
			isa = PBXGroup;
			children = (
				B0C7CBFD2651319A003832EE /* Errors */,
				B0A89A62264A73DC00862E26 /* RegistrationServiceDefault.swift */,
				B0C7CC0E265BA3B1003832EE /* UserServiceDefault.swift */,
				9B8AE4EC2793F55000489A7B /* ArticleListServiceDefault.swift */,
				9B8AE4F02797BBA500489A7B /* ArticleListServiceMockup.swift */,
				B08962F02809C6D800B95D47 /* CTXWLURLSession.swift */,
				B08962F2280ADE3500B95D47 /* CTXWLDataTaskPublisher.swift */,
				B0E5491D2815B73C00934E7B /* ErrorMapper.swift */,
				B0E5491F2818324C00934E7B /* ServerErrorMapper.swift */,
				B008A1A02830BDA7000EEF09 /* CTXWLURLSessionDefault.swift */,
				B0C75D8B293C779800A2F405 /* ArticleReadingServiceDefault.swift */,
				B0C75D8D293D059600A2F405 /* SessionConnectionService.swift */,
			);
			path = Services;
			sourceTree = "<group>";
		};
		B0C7CBFD2651319A003832EE /* Errors */ = {
			isa = PBXGroup;
			children = (
				B08962F4280D23F400B95D47 /* CTXWL_SERVER_ERROR.swift */,
				B084B8F22811B343005B20B0 /* CLIENT_ERROR.swift */,
				B084B8FE28130823005B20B0 /* UNSPECIFIED_SERVER_ERROR.swift */,
				B026B8F82813EB410014666D /* CANNOT_DECODE_RESPONSE.swift */,
				B026B8FA2813EB810014666D /* RESPONSE_NOT_HTTP.swift */,
				B026B8FC2813F3420014666D /* UNKNOWN_SERVER_ERROR.swift */,
				B02B2FFB286213460075CE4F /* API_ERROR.swift */,
				B02B2FFD286214C30075CE4F /* SESSION_AUTHENTICATION_ERROR.swift */,
				B02B2FFF286214F70075CE4F /* EMAIL_REGISTRATION_ERROR.swift */,
				B02B300128649C9C0075CE4F /* EMAIL_REGISTRATION_INVALID_REQUEST.swift */,
				B02B300328649D000075CE4F /* EMAIL_REGISTRATION_UNAUTHORIZED_ADDRESS.swift */,
				B02B300528649D300075CE4F /* EMAIL_REGISTRATION_INVALID_CONFIRMATION_CODE.swift */,
				B02B300728649D730075CE4F /* SESSION_AUTHENTICATION_INVALID_REQUEST.swift */,
				B02B300928649DA40075CE4F /* SESSION_AUTHENTICATION_INVALID_CREDENTIAL.swift */,
				B02B300B28649DEA0075CE4F /* SESSION_AUTHENTICATION_UNSUPPORTED_AUTHENTICATION_METHOD.swift */,
				B02B300D28649E150075CE4F /* API_UNAUTHENTICATED.swift */,
				B02B300F28649E3B0075CE4F /* API_DATA_ERROR.swift */,
				B0C4EDC02867521D00A616EB /* SERVER_MAPPED_CLIENT_ERROR.swift */,
				B0C4EDC2286EB05400A616EB /* ENCODING_FAILED.swift */,
				B026F2432882BDD700385DC2 /* KEYCHAIN_ERROR.swift */,
				B026F2452882E57B00385DC2 /* KEYCHAIN_CREDENTIALS_NOT_FOUND.swift */,
				B026F2472883B2BD00385DC2 /* KEYCHAIN_APPLICATION_KEY_NOT_FOUND.swift */,
				B08D9A3428B3DF33006B15FE /* UNKNOWN_ERROR.swift */,
				B08D9A3628BF9111006B15FE /* KEYCHAIN_CANNOT_SAVE_CREDENTIAL.swift */,
				B08D9A3828BF914A006B15FE /* KEYCHAIN_CREDENTIAL_ERROR.swift */,
				B007246428D6C4DF0018252C /* KEYCHAIN_APPLICATION_KEY_ERROR.swift */,
				B007246628D6C5080018252C /* KEYCHAIN_CANNOT_SAVE_APPLICATION_KEY.swift */,
				B007246828E04AEA0018252C /* CREDENTIALS_EMPTY.swift */,
				5EF847F12923E7FD00E53FFE /* CONNECTION_FAILED.swift */,
			);
			path = Errors;
			sourceTree = "<group>";
		};
		B0D4CC4326AEA650001E6948 /* ServiceInterfaces */ = {
			isa = PBXGroup;
			children = (
				B0C7CC0A265798E3003832EE /* UserService.swift */,
				B0A89A5E264A6CAD00862E26 /* RegistrationService.swift */,
				9B8AE4EA2793F51100489A7B /* ArticleListService.swift */,
				B0C75D89293C518C00A2F405 /* ArticleReadingService.swift */,
			);
			path = ServiceInterfaces;
			sourceTree = "<group>";
		};
/* End PBXGroup section */

/* Begin PBXNativeTarget section */
		B09D069E263ECB4300246D90 /* up-english */ = {
			isa = PBXNativeTarget;
			buildConfigurationList = B09D06C4263ECB4400246D90 /* Build configuration list for PBXNativeTarget "up-english" */;
			buildPhases = (
				B09D069B263ECB4300246D90 /* Sources */,
				B09D069C263ECB4300246D90 /* Frameworks */,
				B09D069D263ECB4300246D90 /* Resources */,
			);
			buildRules = (
			);
			dependencies = (
			);
			name = "up-english";
			packageProductDependencies = (
				B09D06D826429C0700246D90 /* Peppermint */,
			);
			productName = "up-english";
			productReference = B09D069F263ECB4300246D90 /* up-english.app */;
			productType = "com.apple.product-type.application";
		};
		B09D06AF263ECB4400246D90 /* up-englishTests */ = {
			isa = PBXNativeTarget;
			buildConfigurationList = B09D06C7263ECB4400246D90 /* Build configuration list for PBXNativeTarget "up-englishTests" */;
			buildPhases = (
				B09D06AC263ECB4400246D90 /* Sources */,
				B09D06AD263ECB4400246D90 /* Frameworks */,
				B09D06AE263ECB4400246D90 /* Resources */,
			);
			buildRules = (
			);
			dependencies = (
				B09D06B2263ECB4400246D90 /* PBXTargetDependency */,
			);
			name = "up-englishTests";
			productName = "up-englishTests";
			productReference = B09D06B0263ECB4400246D90 /* up-englishTests.xctest */;
			productType = "com.apple.product-type.bundle.unit-test";
		};
		B09D06BA263ECB4400246D90 /* up-englishUITests */ = {
			isa = PBXNativeTarget;
			buildConfigurationList = B09D06CA263ECB4400246D90 /* Build configuration list for PBXNativeTarget "up-englishUITests" */;
			buildPhases = (
				B09D06B7263ECB4400246D90 /* Sources */,
				B09D06B8263ECB4400246D90 /* Frameworks */,
				B09D06B9263ECB4400246D90 /* Resources */,
			);
			buildRules = (
			);
			dependencies = (
				B09D06BD263ECB4400246D90 /* PBXTargetDependency */,
			);
			name = "up-englishUITests";
			productName = "up-englishUITests";
			productReference = B09D06BB263ECB4400246D90 /* up-englishUITests.xctest */;
			productType = "com.apple.product-type.bundle.ui-testing";
		};
/* End PBXNativeTarget section */

/* Begin PBXProject section */
		B09D0697263ECB4200246D90 /* Project object */ = {
			isa = PBXProject;
			attributes = {
				LastSwiftUpdateCheck = 1250;
				LastUpgradeCheck = 1250;
				TargetAttributes = {
					B09D069E263ECB4300246D90 = {
						CreatedOnToolsVersion = 12.5;
					};
					B09D06AF263ECB4400246D90 = {
						CreatedOnToolsVersion = 12.5;
						TestTargetID = B09D069E263ECB4300246D90;
					};
					B09D06BA263ECB4400246D90 = {
						CreatedOnToolsVersion = 12.5;
						TestTargetID = B09D069E263ECB4300246D90;
					};
				};
			};
			buildConfigurationList = B09D069A263ECB4300246D90 /* Build configuration list for PBXProject "up-english" */;
			compatibilityVersion = "Xcode 9.3";
			developmentRegion = en;
			hasScannedForEncodings = 0;
			knownRegions = (
				en,
				Base,
			);
			mainGroup = B09D0696263ECB4200246D90;
			packageReferences = (
				B09D06D726429C0700246D90 /* XCRemoteSwiftPackageReference "peppermint" */,
			);
			productRefGroup = B09D06A0263ECB4300246D90 /* Products */;
			projectDirPath = "";
			projectRoot = "";
			targets = (
				B09D069E263ECB4300246D90 /* up-english */,
				B09D06AF263ECB4400246D90 /* up-englishTests */,
				B09D06BA263ECB4400246D90 /* up-englishUITests */,
			);
		};
/* End PBXProject section */

/* Begin PBXResourcesBuildPhase section */
		B09D069D263ECB4300246D90 /* Resources */ = {
			isa = PBXResourcesBuildPhase;
			buildActionMask = 2147483647;
			files = (
				B09D06AA263ECB4400246D90 /* Preview Assets.xcassets in Resources */,
				B0C75D902940F3A900A2F405 /* mercury.web.js in Resources */,
				B09D06A7263ECB4400246D90 /* Assets.xcassets in Resources */,
			);
			runOnlyForDeploymentPostprocessing = 0;
		};
		B09D06AE263ECB4400246D90 /* Resources */ = {
			isa = PBXResourcesBuildPhase;
			buildActionMask = 2147483647;
			files = (
			);
			runOnlyForDeploymentPostprocessing = 0;
		};
		B09D06B9263ECB4400246D90 /* Resources */ = {
			isa = PBXResourcesBuildPhase;
			buildActionMask = 2147483647;
			files = (
			);
			runOnlyForDeploymentPostprocessing = 0;
		};
/* End PBXResourcesBuildPhase section */

/* Begin PBXSourcesBuildPhase section */
		B09D069B263ECB4300246D90 /* Sources */ = {
			isa = PBXSourcesBuildPhase;
			buildActionMask = 2147483647;
			files = (
				B0A89A63264A73DC00862E26 /* RegistrationServiceDefault.swift in Sources */,
				B026B8FD2813F3420014666D /* UNKNOWN_SERVER_ERROR.swift in Sources */,
				5EF9CC5128EDD01E00C40D86 /* ServiceInitializer.swift in Sources */,
				B0E2540026EDDCBA00D6FDF4 /* ArticleListItemModelDefault.swift in Sources */,
				B09D06A5263ECB4300246D90 /* ContentView.swift in Sources */,
				B0C75D84293B4E4900A2F405 /* CustomWebViewController.swift in Sources */,
				B02B300E28649E150075CE4F /* API_UNAUTHENTICATED.swift in Sources */,
				B09D06D2263ECE2900246D90 /* Login.swift in Sources */,
				B08D9A3528B3DF33006B15FE /* UNKNOWN_ERROR.swift in Sources */,
				B02B300828649D730075CE4F /* SESSION_AUTHENTICATION_INVALID_REQUEST.swift in Sources */,
				B0C75D88293B4ED700A2F405 /* SelectionRangeEnabledTextViewRepresentable.swift in Sources */,
				B09D06D6264032EC00246D90 /* RegistrationModel.swift in Sources */,
				B05AEDD328A791C9005BC3BB /* PageInfo.swift in Sources */,
				B026F2442882BDD700385DC2 /* KEYCHAIN_ERROR.swift in Sources */,
				B08962F3280ADE3500B95D47 /* CTXWLDataTaskPublisher.swift in Sources */,
				B0A5847E286F109F00F37358 /* GeneralUIEffect.swift in Sources */,
				B09B8E00279C53F1004FDF31 /* ArticleList.swift in Sources */,
				B026F2462882E57B00385DC2 /* KEYCHAIN_CREDENTIALS_NOT_FOUND.swift in Sources */,
				B0E549202818324C00934E7B /* ServerErrorMapper.swift in Sources */,
				B084B8FF28130823005B20B0 /* UNSPECIFIED_SERVER_ERROR.swift in Sources */,
				B09D06D0263ECB9C00246D90 /* EmailVerification.swift in Sources */,
				9B8AE4F12797BBA500489A7B /* ArticleListServiceMockup.swift in Sources */,
				B02B300428649D000075CE4F /* EMAIL_REGISTRATION_UNAUTHORIZED_ADDRESS.swift in Sources */,
				B08D9A3728BF9111006B15FE /* KEYCHAIN_CANNOT_SAVE_CREDENTIAL.swift in Sources */,
				B0C75D942946081800A2F405 /* HomeModel.swift in Sources */,
				B08D9A3928BF914A006B15FE /* KEYCHAIN_CREDENTIAL_ERROR.swift in Sources */,
				B0943AEC268EC963006051E0 /* EmailVerificationModel.swift in Sources */,
				B0C75D8E293D059600A2F405 /* SessionConnectionService.swift in Sources */,
				B0C4EDC3286EB05400A616EB /* ENCODING_FAILED.swift in Sources */,
				B02B2FFE286214C30075CE4F /* SESSION_AUTHENTICATION_ERROR.swift in Sources */,
				B00D51A126C40A590069AA55 /* CustomWebView.swift in Sources */,
				B00028E22725A990005D68D2 /* ContentViewMock.swift in Sources */,
				B007246528D6C4DF0018252C /* KEYCHAIN_APPLICATION_KEY_ERROR.swift in Sources */,
				B0C75D8A293C518C00A2F405 /* ArticleReadingService.swift in Sources */,
				B08AB6E02929C21300968BA5 /* ArticleOpenerModel.swift in Sources */,
				B08962F5280D23F400B95D47 /* CTXWL_SERVER_ERROR.swift in Sources */,
				B02B300A28649DA40075CE4F /* SESSION_AUTHENTICATION_INVALID_CREDENTIAL.swift in Sources */,
				B0E5491E2815B73C00934E7B /* ErrorMapper.swift in Sources */,
				B0C75D92294607E500A2F405 /* HomeView.swift in Sources */,
				B0A89A5F264A6CAD00862E26 /* RegistrationService.swift in Sources */,
				B0C7CC0F265BA3B1003832EE /* UserServiceDefault.swift in Sources */,
				B00028DE26FB7D56005D68D2 /* ScrollViewRepresentable.swift in Sources */,
				B08AB6DE2929C17000968BA5 /* ArticleOpener.swift in Sources */,
				B0C7CC0926568E1D003832EE /* ApiUrl.swift in Sources */,
				B02B300628649D300075CE4F /* EMAIL_REGISTRATION_INVALID_CONFIRMATION_CODE.swift in Sources */,
				B0CF55012870542C00C4FD92 /* UIErrorMapper.swift in Sources */,
				B09D06CE263ECB8900246D90 /* Registration.swift in Sources */,
				B02B2FFC286213460075CE4F /* API_ERROR.swift in Sources */,
				5EF9CC1928EC7A5B00C40D86 /* GeneralUIEffectManager.swift in Sources */,
				B008A1A12830BDA7000EEF09 /* CTXWLURLSessionDefault.swift in Sources */,
				B0A89A61264A713200862E26 /* RegistrationStatus.swift in Sources */,
				B08962F12809C6D800B95D47 /* CTXWLURLSession.swift in Sources */,
				B0C7CC0B265798E3003832EE /* UserService.swift in Sources */,
				B02B3000286214F70075CE4F /* EMAIL_REGISTRATION_ERROR.swift in Sources */,
				B026B8F92813EB410014666D /* CANNOT_DECODE_RESPONSE.swift in Sources */,
				B084B8F32811B343005B20B0 /* CLIENT_ERROR.swift in Sources */,
				B026F2482883B2BD00385DC2 /* KEYCHAIN_APPLICATION_KEY_NOT_FOUND.swift in Sources */,
				B04B64D926A52A8600D0B954 /* LoginModel.swift in Sources */,
				B06F3F9728A78919007CF774 /* Router.swift in Sources */,
				5EF847F22923E7FD00E53FFE /* CONNECTION_FAILED.swift in Sources */,
				B02B300C28649DEA0075CE4F /* SESSION_AUTHENTICATION_UNSUPPORTED_AUTHENTICATION_METHOD.swift in Sources */,
				9B8AE4EB2793F51100489A7B /* ArticleListService.swift in Sources */,
				B02B301028649E3B0075CE4F /* API_DATA_ERROR.swift in Sources */,
				B07EA2CF2871A7BD008CA3C9 /* Model.xcdatamodeld in Sources */,
				9B8AE4E92792520000489A7B /* ListItemView.swift in Sources */,
				B09D06A3263ECB4300246D90 /* up_englishApp.swift in Sources */,
				B0C4EDC12867521D00A616EB /* SERVER_MAPPED_CLIENT_ERROR.swift in Sources */,
				9B8AE4ED2793F55000489A7B /* ArticleListServiceDefault.swift in Sources */,
				B007246928E04AEA0018252C /* CREDENTIALS_EMPTY.swift in Sources */,
				B026B8FB2813EB810014666D /* RESPONSE_NOT_HTTP.swift in Sources */,
				B0578B41265EA3F400A1B21F /* User.xcdatamodeld in Sources */,
				B007246728D6C5080018252C /* KEYCHAIN_CANNOT_SAVE_APPLICATION_KEY.swift in Sources */,
				B0C75D8C293C779800A2F405 /* ArticleReadingServiceDefault.swift in Sources */,
				B02B300228649C9C0075CE4F /* EMAIL_REGISTRATION_INVALID_REQUEST.swift in Sources */,
				B0AC45AB273ACD3A00979EFE /* InfiniteList.swift in Sources */,
				5ED313052902DF6700461467 /* NoticeModifier.swift in Sources */,
				9B8AE4EF2793F56E00489A7B /* ArticleListModelDefault.swift in Sources */,
			);
			runOnlyForDeploymentPostprocessing = 0;
		};
		B09D06AC263ECB4400246D90 /* Sources */ = {
			isa = PBXSourcesBuildPhase;
			buildActionMask = 2147483647;
			files = (
				B09D06B5263ECB4400246D90 /* up_englishTests.swift in Sources */,
			);
			runOnlyForDeploymentPostprocessing = 0;
		};
		B09D06B7263ECB4400246D90 /* Sources */ = {
			isa = PBXSourcesBuildPhase;
			buildActionMask = 2147483647;
			files = (
				B09D06C0263ECB4400246D90 /* up_englishUITests.swift in Sources */,
			);
			runOnlyForDeploymentPostprocessing = 0;
		};
/* End PBXSourcesBuildPhase section */

/* Begin PBXTargetDependency section */
		B09D06B2263ECB4400246D90 /* PBXTargetDependency */ = {
			isa = PBXTargetDependency;
			target = B09D069E263ECB4300246D90 /* up-english */;
			targetProxy = B09D06B1263ECB4400246D90 /* PBXContainerItemProxy */;
		};
		B09D06BD263ECB4400246D90 /* PBXTargetDependency */ = {
			isa = PBXTargetDependency;
			target = B09D069E263ECB4300246D90 /* up-english */;
			targetProxy = B09D06BC263ECB4400246D90 /* PBXContainerItemProxy */;
		};
/* End PBXTargetDependency section */

/* Begin XCBuildConfiguration section */
		B09D06C2263ECB4400246D90 /* Debug */ = {
			isa = XCBuildConfiguration;
			buildSettings = {
				ALWAYS_SEARCH_USER_PATHS = NO;
				CLANG_ANALYZER_NONNULL = YES;
				CLANG_ANALYZER_NUMBER_OBJECT_CONVERSION = YES_AGGRESSIVE;
				CLANG_CXX_LANGUAGE_STANDARD = "gnu++14";
				CLANG_CXX_LIBRARY = "libc++";
				CLANG_ENABLE_MODULES = YES;
				CLANG_ENABLE_OBJC_ARC = YES;
				CLANG_ENABLE_OBJC_WEAK = YES;
				CLANG_WARN_BLOCK_CAPTURE_AUTORELEASING = YES;
				CLANG_WARN_BOOL_CONVERSION = YES;
				CLANG_WARN_COMMA = YES;
				CLANG_WARN_CONSTANT_CONVERSION = YES;
				CLANG_WARN_DEPRECATED_OBJC_IMPLEMENTATIONS = YES;
				CLANG_WARN_DIRECT_OBJC_ISA_USAGE = YES_ERROR;
				CLANG_WARN_DOCUMENTATION_COMMENTS = YES;
				CLANG_WARN_EMPTY_BODY = YES;
				CLANG_WARN_ENUM_CONVERSION = YES;
				CLANG_WARN_INFINITE_RECURSION = YES;
				CLANG_WARN_INT_CONVERSION = YES;
				CLANG_WARN_NON_LITERAL_NULL_CONVERSION = YES;
				CLANG_WARN_OBJC_IMPLICIT_RETAIN_SELF = YES;
				CLANG_WARN_OBJC_LITERAL_CONVERSION = YES;
				CLANG_WARN_OBJC_ROOT_CLASS = YES_ERROR;
				CLANG_WARN_QUOTED_INCLUDE_IN_FRAMEWORK_HEADER = YES;
				CLANG_WARN_RANGE_LOOP_ANALYSIS = YES;
				CLANG_WARN_STRICT_PROTOTYPES = YES;
				CLANG_WARN_SUSPICIOUS_MOVE = YES;
				CLANG_WARN_UNGUARDED_AVAILABILITY = YES_AGGRESSIVE;
				CLANG_WARN_UNREACHABLE_CODE = YES;
				CLANG_WARN__DUPLICATE_METHOD_MATCH = YES;
				COPY_PHASE_STRIP = NO;
				DEBUG_INFORMATION_FORMAT = dwarf;
				ENABLE_STRICT_OBJC_MSGSEND = YES;
				ENABLE_TESTABILITY = YES;
				GCC_C_LANGUAGE_STANDARD = gnu11;
				GCC_DYNAMIC_NO_PIC = NO;
				GCC_NO_COMMON_BLOCKS = YES;
				GCC_OPTIMIZATION_LEVEL = 0;
				GCC_PREPROCESSOR_DEFINITIONS = (
					"DEBUG=1",
					"$(inherited)",
				);
				GCC_WARN_64_TO_32_BIT_CONVERSION = YES;
				GCC_WARN_ABOUT_RETURN_TYPE = YES_ERROR;
				GCC_WARN_UNDECLARED_SELECTOR = YES;
				GCC_WARN_UNINITIALIZED_AUTOS = YES_AGGRESSIVE;
				GCC_WARN_UNUSED_FUNCTION = YES;
				GCC_WARN_UNUSED_VARIABLE = YES;
				IPHONEOS_DEPLOYMENT_TARGET = 14.5;
				MTL_ENABLE_DEBUG_INFO = INCLUDE_SOURCE;
				MTL_FAST_MATH = YES;
				ONLY_ACTIVE_ARCH = YES;
				SDKROOT = iphoneos;
				SWIFT_ACTIVE_COMPILATION_CONDITIONS = DEBUG;
				SWIFT_OPTIMIZATION_LEVEL = "-Onone";
			};
			name = Debug;
		};
		B09D06C3263ECB4400246D90 /* Release */ = {
			isa = XCBuildConfiguration;
			buildSettings = {
				ALWAYS_SEARCH_USER_PATHS = NO;
				CLANG_ANALYZER_NONNULL = YES;
				CLANG_ANALYZER_NUMBER_OBJECT_CONVERSION = YES_AGGRESSIVE;
				CLANG_CXX_LANGUAGE_STANDARD = "gnu++14";
				CLANG_CXX_LIBRARY = "libc++";
				CLANG_ENABLE_MODULES = YES;
				CLANG_ENABLE_OBJC_ARC = YES;
				CLANG_ENABLE_OBJC_WEAK = YES;
				CLANG_WARN_BLOCK_CAPTURE_AUTORELEASING = YES;
				CLANG_WARN_BOOL_CONVERSION = YES;
				CLANG_WARN_COMMA = YES;
				CLANG_WARN_CONSTANT_CONVERSION = YES;
				CLANG_WARN_DEPRECATED_OBJC_IMPLEMENTATIONS = YES;
				CLANG_WARN_DIRECT_OBJC_ISA_USAGE = YES_ERROR;
				CLANG_WARN_DOCUMENTATION_COMMENTS = YES;
				CLANG_WARN_EMPTY_BODY = YES;
				CLANG_WARN_ENUM_CONVERSION = YES;
				CLANG_WARN_INFINITE_RECURSION = YES;
				CLANG_WARN_INT_CONVERSION = YES;
				CLANG_WARN_NON_LITERAL_NULL_CONVERSION = YES;
				CLANG_WARN_OBJC_IMPLICIT_RETAIN_SELF = YES;
				CLANG_WARN_OBJC_LITERAL_CONVERSION = YES;
				CLANG_WARN_OBJC_ROOT_CLASS = YES_ERROR;
				CLANG_WARN_QUOTED_INCLUDE_IN_FRAMEWORK_HEADER = YES;
				CLANG_WARN_RANGE_LOOP_ANALYSIS = YES;
				CLANG_WARN_STRICT_PROTOTYPES = YES;
				CLANG_WARN_SUSPICIOUS_MOVE = YES;
				CLANG_WARN_UNGUARDED_AVAILABILITY = YES_AGGRESSIVE;
				CLANG_WARN_UNREACHABLE_CODE = YES;
				CLANG_WARN__DUPLICATE_METHOD_MATCH = YES;
				COPY_PHASE_STRIP = NO;
				DEBUG_INFORMATION_FORMAT = "dwarf-with-dsym";
				ENABLE_NS_ASSERTIONS = NO;
				ENABLE_STRICT_OBJC_MSGSEND = YES;
				GCC_C_LANGUAGE_STANDARD = gnu11;
				GCC_NO_COMMON_BLOCKS = YES;
				GCC_WARN_64_TO_32_BIT_CONVERSION = YES;
				GCC_WARN_ABOUT_RETURN_TYPE = YES_ERROR;
				GCC_WARN_UNDECLARED_SELECTOR = YES;
				GCC_WARN_UNINITIALIZED_AUTOS = YES_AGGRESSIVE;
				GCC_WARN_UNUSED_FUNCTION = YES;
				GCC_WARN_UNUSED_VARIABLE = YES;
				IPHONEOS_DEPLOYMENT_TARGET = 14.5;
				MTL_ENABLE_DEBUG_INFO = NO;
				MTL_FAST_MATH = YES;
				SDKROOT = iphoneos;
				SWIFT_COMPILATION_MODE = wholemodule;
				SWIFT_OPTIMIZATION_LEVEL = "-O";
				VALIDATE_PRODUCT = YES;
			};
			name = Release;
		};
		B09D06C5263ECB4400246D90 /* Debug */ = {
			isa = XCBuildConfiguration;
			buildSettings = {
				ASSETCATALOG_COMPILER_APPICON_NAME = AppIcon;
				ASSETCATALOG_COMPILER_GLOBAL_ACCENT_COLOR_NAME = AccentColor;
				CODE_SIGN_STYLE = Automatic;
				DEVELOPMENT_ASSET_PATHS = "\"up-english/Preview Content\"";
				DEVELOPMENT_TEAM = S5M9BH49T8;
				ENABLE_PREVIEWS = YES;
				INFOPLIST_FILE = "up-english/Info.plist";
				IPHONEOS_DEPLOYMENT_TARGET = 14.0;
				LD_RUNPATH_SEARCH_PATHS = (
					"$(inherited)",
					"@executable_path/Frameworks",
				);
				PRODUCT_BUNDLE_IDENTIFIER = "com.jamestsai.up-english";
				PRODUCT_NAME = "$(TARGET_NAME)";
				SWIFT_VERSION = 5.0;
				TARGETED_DEVICE_FAMILY = "1,2";
			};
			name = Debug;
		};
		B09D06C6263ECB4400246D90 /* Release */ = {
			isa = XCBuildConfiguration;
			buildSettings = {
				ASSETCATALOG_COMPILER_APPICON_NAME = AppIcon;
				ASSETCATALOG_COMPILER_GLOBAL_ACCENT_COLOR_NAME = AccentColor;
				CODE_SIGN_STYLE = Automatic;
				DEVELOPMENT_ASSET_PATHS = "\"up-english/Preview Content\"";
				DEVELOPMENT_TEAM = S5M9BH49T8;
				ENABLE_PREVIEWS = YES;
				INFOPLIST_FILE = "up-english/Info.plist";
				IPHONEOS_DEPLOYMENT_TARGET = 14.0;
				LD_RUNPATH_SEARCH_PATHS = (
					"$(inherited)",
					"@executable_path/Frameworks",
				);
				PRODUCT_BUNDLE_IDENTIFIER = "com.jamestsai.up-english";
				PRODUCT_NAME = "$(TARGET_NAME)";
				SWIFT_VERSION = 5.0;
				TARGETED_DEVICE_FAMILY = "1,2";
			};
			name = Release;
		};
		B09D06C8263ECB4400246D90 /* Debug */ = {
			isa = XCBuildConfiguration;
			buildSettings = {
				ALWAYS_EMBED_SWIFT_STANDARD_LIBRARIES = YES;
				BUNDLE_LOADER = "$(TEST_HOST)";
				CODE_SIGN_STYLE = Automatic;
				DEVELOPMENT_TEAM = Q2Q59R69BD;
				INFOPLIST_FILE = "up-englishTests/Info.plist";
				IPHONEOS_DEPLOYMENT_TARGET = 14.0;
				LD_RUNPATH_SEARCH_PATHS = (
					"$(inherited)",
					"@executable_path/Frameworks",
					"@loader_path/Frameworks",
				);
				PRODUCT_BUNDLE_IDENTIFIER = "com.jamestsai.up-englishTests";
				PRODUCT_NAME = "$(TARGET_NAME)";
				SWIFT_VERSION = 5.0;
				TARGETED_DEVICE_FAMILY = "1,2";
				TEST_HOST = "$(BUILT_PRODUCTS_DIR)/up-english.app/up-english";
			};
			name = Debug;
		};
		B09D06C9263ECB4400246D90 /* Release */ = {
			isa = XCBuildConfiguration;
			buildSettings = {
				ALWAYS_EMBED_SWIFT_STANDARD_LIBRARIES = YES;
				BUNDLE_LOADER = "$(TEST_HOST)";
				CODE_SIGN_STYLE = Automatic;
				DEVELOPMENT_TEAM = Q2Q59R69BD;
				INFOPLIST_FILE = "up-englishTests/Info.plist";
				IPHONEOS_DEPLOYMENT_TARGET = 14.0;
				LD_RUNPATH_SEARCH_PATHS = (
					"$(inherited)",
					"@executable_path/Frameworks",
					"@loader_path/Frameworks",
				);
				PRODUCT_BUNDLE_IDENTIFIER = "com.jamestsai.up-englishTests";
				PRODUCT_NAME = "$(TARGET_NAME)";
				SWIFT_VERSION = 5.0;
				TARGETED_DEVICE_FAMILY = "1,2";
				TEST_HOST = "$(BUILT_PRODUCTS_DIR)/up-english.app/up-english";
			};
			name = Release;
		};
		B09D06CB263ECB4400246D90 /* Debug */ = {
			isa = XCBuildConfiguration;
			buildSettings = {
				ALWAYS_EMBED_SWIFT_STANDARD_LIBRARIES = YES;
				CODE_SIGN_STYLE = Automatic;
				DEVELOPMENT_TEAM = Q2Q59R69BD;
				INFOPLIST_FILE = "up-englishUITests/Info.plist";
				LD_RUNPATH_SEARCH_PATHS = (
					"$(inherited)",
					"@executable_path/Frameworks",
					"@loader_path/Frameworks",
				);
				PRODUCT_BUNDLE_IDENTIFIER = "com.jamestsai.up-englishUITests";
				PRODUCT_NAME = "$(TARGET_NAME)";
				SWIFT_VERSION = 5.0;
				TARGETED_DEVICE_FAMILY = "1,2";
				TEST_TARGET_NAME = "up-english";
			};
			name = Debug;
		};
		B09D06CC263ECB4400246D90 /* Release */ = {
			isa = XCBuildConfiguration;
			buildSettings = {
				ALWAYS_EMBED_SWIFT_STANDARD_LIBRARIES = YES;
				CODE_SIGN_STYLE = Automatic;
				DEVELOPMENT_TEAM = Q2Q59R69BD;
				INFOPLIST_FILE = "up-englishUITests/Info.plist";
				LD_RUNPATH_SEARCH_PATHS = (
					"$(inherited)",
					"@executable_path/Frameworks",
					"@loader_path/Frameworks",
				);
				PRODUCT_BUNDLE_IDENTIFIER = "com.jamestsai.up-englishUITests";
				PRODUCT_NAME = "$(TARGET_NAME)";
				SWIFT_VERSION = 5.0;
				TARGETED_DEVICE_FAMILY = "1,2";
				TEST_TARGET_NAME = "up-english";
			};
			name = Release;
		};
/* End XCBuildConfiguration section */

/* Begin XCConfigurationList section */
		B09D069A263ECB4300246D90 /* Build configuration list for PBXProject "up-english" */ = {
			isa = XCConfigurationList;
			buildConfigurations = (
				B09D06C2263ECB4400246D90 /* Debug */,
				B09D06C3263ECB4400246D90 /* Release */,
			);
			defaultConfigurationIsVisible = 0;
			defaultConfigurationName = Release;
		};
		B09D06C4263ECB4400246D90 /* Build configuration list for PBXNativeTarget "up-english" */ = {
			isa = XCConfigurationList;
			buildConfigurations = (
				B09D06C5263ECB4400246D90 /* Debug */,
				B09D06C6263ECB4400246D90 /* Release */,
			);
			defaultConfigurationIsVisible = 0;
			defaultConfigurationName = Release;
		};
		B09D06C7263ECB4400246D90 /* Build configuration list for PBXNativeTarget "up-englishTests" */ = {
			isa = XCConfigurationList;
			buildConfigurations = (
				B09D06C8263ECB4400246D90 /* Debug */,
				B09D06C9263ECB4400246D90 /* Release */,
			);
			defaultConfigurationIsVisible = 0;
			defaultConfigurationName = Release;
		};
		B09D06CA263ECB4400246D90 /* Build configuration list for PBXNativeTarget "up-englishUITests" */ = {
			isa = XCConfigurationList;
			buildConfigurations = (
				B09D06CB263ECB4400246D90 /* Debug */,
				B09D06CC263ECB4400246D90 /* Release */,
			);
			defaultConfigurationIsVisible = 0;
			defaultConfigurationName = Release;
		};
/* End XCConfigurationList section */

/* Begin XCRemoteSwiftPackageReference section */
		B09D06D726429C0700246D90 /* XCRemoteSwiftPackageReference "peppermint" */ = {
			isa = XCRemoteSwiftPackageReference;
			repositoryURL = "https://github.com/nsagora/peppermint.git";
			requirement = {
				kind = upToNextMajorVersion;
				minimumVersion = 0.8.0;
			};
		};
/* End XCRemoteSwiftPackageReference section */

/* Begin XCSwiftPackageProductDependency section */
		B09D06D826429C0700246D90 /* Peppermint */ = {
			isa = XCSwiftPackageProductDependency;
			package = B09D06D726429C0700246D90 /* XCRemoteSwiftPackageReference "peppermint" */;
			productName = Peppermint;
		};
/* End XCSwiftPackageProductDependency section */

/* Begin XCVersionGroup section */
		B0578B3F265EA3F400A1B21F /* User.xcdatamodeld */ = {
			isa = XCVersionGroup;
			children = (
				B0578B40265EA3F400A1B21F /* User.xcdatamodel */,
			);
			currentVersion = B0578B40265EA3F400A1B21F /* User.xcdatamodel */;
			path = User.xcdatamodeld;
			sourceTree = "<group>";
			versionGroupType = wrapper.xcdatamodel;
		};
		B07EA2CD2871A7BD008CA3C9 /* Model.xcdatamodeld */ = {
			isa = XCVersionGroup;
			children = (
				B07EA2CE2871A7BD008CA3C9 /* Model.xcdatamodel */,
			);
			currentVersion = B07EA2CE2871A7BD008CA3C9 /* Model.xcdatamodel */;
			path = Model.xcdatamodeld;
			sourceTree = "<group>";
			versionGroupType = wrapper.xcdatamodel;
		};
/* End XCVersionGroup section */
	};
	rootObject = B09D0697263ECB4200246D90 /* Project object */;
}
